
Microsoft Visual Studio Solution File, Format Version 12.00
# Visual Studio 15
VisualStudioVersion = 15.0.26124.0
MinimumVisualStudioVersion = 15.0.26124.0
Project("{2150E333-8FDC-42A3-9474-1A3956D46DE8}") = "src", "src", "{7C5E3490-1576-436D-808E-63EE4BC9C8C3}"
EndProject
Project("{FAE04EC0-301F-11D3-BF4B-00C04F79EFBC}") = "IdentityServer", "src\IdentityServer\IdentityServer.csproj", "{FF857BB8-E80F-40E7-AE41-6048F93463DB}"
EndProject
Project("{FAE04EC0-301F-11D3-BF4B-00C04F79EFBC}") = "Api", "src\Api\Api.csproj", "{085F7327-F5E7-4942-A0B8-D2E832B53E63}"
EndProject
Project("{FAE04EC0-301F-11D3-BF4B-00C04F79EFBC}") = "Client", "src\Client\Client.csproj", "{BF9497CA-2284-4E15-8AC0-1EB10CFB06ED}"
EndProject
Project("{FAE04EC0-301F-11D3-BF4B-00C04F79EFBC}") = "WebApplication", "src\WebApplication\WebApplication.csproj", "{8E2D57B4-F088-43E4-B72D-51C209B643C9}"
EndProject
Global
	GlobalSection(SolutionConfigurationPlatforms) = preSolution
		Debug|Any CPU = Debug|Any CPU
		Debug|x64 = Debug|x64
		Debug|x86 = Debug|x86
		Release|Any CPU = Release|Any CPU
		Release|x64 = Release|x64
		Release|x86 = Release|x86
	EndGlobalSection
	GlobalSection(SolutionProperties) = preSolution
		HideSolutionNode = FALSE
	EndGlobalSection
	GlobalSection(ProjectConfigurationPlatforms) = postSolution
		{FF857BB8-E80F-40E7-AE41-6048F93463DB}.Debug|Any CPU.ActiveCfg = Debug|Any CPU
		{FF857BB8-E80F-40E7-AE41-6048F93463DB}.Debug|Any CPU.Build.0 = Debug|Any CPU
		{FF857BB8-E80F-40E7-AE41-6048F93463DB}.Debug|x64.ActiveCfg = Debug|Any CPU
		{FF857BB8-E80F-40E7-AE41-6048F93463DB}.Debug|x64.Build.0 = Debug|Any CPU
		{FF857BB8-E80F-40E7-AE41-6048F93463DB}.Debug|x86.ActiveCfg = Debug|Any CPU
		{FF857BB8-E80F-40E7-AE41-6048F93463DB}.Debug|x86.Build.0 = Debug|Any CPU
		{FF857BB8-E80F-40E7-AE41-6048F93463DB}.Release|Any CPU.ActiveCfg = Release|Any CPU
		{FF857BB8-E80F-40E7-AE41-6048F93463DB}.Release|Any CPU.Build.0 = Release|Any CPU
		{FF857BB8-E80F-40E7-AE41-6048F93463DB}.Release|x64.ActiveCfg = Release|Any CPU
		{FF857BB8-E80F-40E7-AE41-6048F93463DB}.Release|x64.Build.0 = Release|Any CPU
		{FF857BB8-E80F-40E7-AE41-6048F93463DB}.Release|x86.ActiveCfg = Release|Any CPU
		{FF857BB8-E80F-40E7-AE41-6048F93463DB}.Release|x86.Build.0 = Release|Any CPU
		{085F7327-F5E7-4942-A0B8-D2E832B53E63}.Debug|Any CPU.ActiveCfg = Debug|Any CPU
		{085F7327-F5E7-4942-A0B8-D2E832B53E63}.Debug|Any CPU.Build.0 = Debug|Any CPU
		{085F7327-F5E7-4942-A0B8-D2E832B53E63}.Debug|x64.ActiveCfg = Debug|Any CPU
		{085F7327-F5E7-4942-A0B8-D2E832B53E63}.Debug|x64.Build.0 = Debug|Any CPU
		{085F7327-F5E7-4942-A0B8-D2E832B53E63}.Debug|x86.ActiveCfg = Debug|Any CPU
		{085F7327-F5E7-4942-A0B8-D2E832B53E63}.Debug|x86.Build.0 = Debug|Any CPU
		{085F7327-F5E7-4942-A0B8-D2E832B53E63}.Release|Any CPU.ActiveCfg = Release|Any CPU
		{085F7327-F5E7-4942-A0B8-D2E832B53E63}.Release|Any CPU.Build.0 = Release|Any CPU
		{085F7327-F5E7-4942-A0B8-D2E832B53E63}.Release|x64.ActiveCfg = Release|Any CPU
		{085F7327-F5E7-4942-A0B8-D2E832B53E63}.Release|x64.Build.0 = Release|Any CPU
		{085F7327-F5E7-4942-A0B8-D2E832B53E63}.Release|x86.ActiveCfg = Release|Any CPU
		{085F7327-F5E7-4942-A0B8-D2E832B53E63}.Release|x86.Build.0 = Release|Any CPU
		{BF9497CA-2284-4E15-8AC0-1EB10CFB06ED}.Debug|Any CPU.ActiveCfg = Debug|Any CPU
		{BF9497CA-2284-4E15-8AC0-1EB10CFB06ED}.Debug|Any CPU.Build.0 = Debug|Any CPU
		{BF9497CA-2284-4E15-8AC0-1EB10CFB06ED}.Debug|x64.ActiveCfg = Debug|Any CPU
		{BF9497CA-2284-4E15-8AC0-1EB10CFB06ED}.Debug|x64.Build.0 = Debug|Any CPU
		{BF9497CA-2284-4E15-8AC0-1EB10CFB06ED}.Debug|x86.ActiveCfg = Debug|Any CPU
		{BF9497CA-2284-4E15-8AC0-1EB10CFB06ED}.Debug|x86.Build.0 = Debug|Any CPU
		{BF9497CA-2284-4E15-8AC0-1EB10CFB06ED}.Release|Any CPU.ActiveCfg = Release|Any CPU
		{BF9497CA-2284-4E15-8AC0-1EB10CFB06ED}.Release|Any CPU.Build.0 = Release|Any CPU
		{BF9497CA-2284-4E15-8AC0-1EB10CFB06ED}.Release|x64.ActiveCfg = Release|Any CPU
		{BF9497CA-2284-4E15-8AC0-1EB10CFB06ED}.Release|x64.Build.0 = Release|Any CPU
		{BF9497CA-2284-4E15-8AC0-1EB10CFB06ED}.Release|x86.ActiveCfg = Release|Any CPU
		{BF9497CA-2284-4E15-8AC0-1EB10CFB06ED}.Release|x86.Build.0 = Release|Any CPU
		{8E2D57B4-F088-43E4-B72D-51C209B643C9}.Debug|Any CPU.ActiveCfg = Debug|Any CPU
		{8E2D57B4-F088-43E4-B72D-51C209B643C9}.Debug|Any CPU.Build.0 = Debug|Any CPU
		{8E2D57B4-F088-43E4-B72D-51C209B643C9}.Debug|x64.ActiveCfg = Debug|Any CPU
		{8E2D57B4-F088-43E4-B72D-51C209B643C9}.Debug|x64.Build.0 = Debug|Any CPU
		{8E2D57B4-F088-43E4-B72D-51C209B643C9}.Debug|x86.ActiveCfg = Debug|Any CPU
		{8E2D57B4-F088-43E4-B72D-51C209B643C9}.Debug|x86.Build.0 = Debug|Any CPU
		{8E2D57B4-F088-43E4-B72D-51C209B643C9}.Release|Any CPU.ActiveCfg = Release|Any CPU
		{8E2D57B4-F088-43E4-B72D-51C209B643C9}.Release|Any CPU.Build.0 = Release|Any CPU
		{8E2D57B4-F088-43E4-B72D-51C209B643C9}.Release|x64.ActiveCfg = Release|Any CPU
		{8E2D57B4-F088-43E4-B72D-51C209B643C9}.Release|x64.Build.0 = Release|Any CPU
		{8E2D57B4-F088-43E4-B72D-51C209B643C9}.Release|x86.ActiveCfg = Release|Any CPU
		{8E2D57B4-F088-43E4-B72D-51C209B643C9}.Release|x86.Build.0 = Release|Any CPU
	EndGlobalSection
	GlobalSection(NestedProjects) = preSolution
		{FF857BB8-E80F-40E7-AE41-6048F93463DB} = {7C5E3490-1576-436D-808E-63EE4BC9C8C3}
		{085F7327-F5E7-4942-A0B8-D2E832B53E63} = {7C5E3490-1576-436D-808E-63EE4BC9C8C3}
		{BF9497CA-2284-4E15-8AC0-1EB10CFB06ED} = {7C5E3490-1576-436D-808E-63EE4BC9C8C3}
		{8E2D57B4-F088-43E4-B72D-51C209B643C9} = {7C5E3490-1576-436D-808E-63EE4BC9C8C3}
	EndGlobalSection
EndGlobal
